
Microsoft Visual Studio Solution File, Format Version 12.00
# Visual Studio Version 17
VisualStudioVersion = 17.7.34221.43
MinimumVisualStudioVersion = 10.0.40219.1
Project("{2150E333-8FDC-42A3-9474-1A3956D46DE8}") = "Dia01", "Dia01", "{40BCDA56-3F1A-4102-9075-ECE2D20674AF}"
EndProject
Project("{2150E333-8FDC-42A3-9474-1A3956D46DE8}") = "Dia02", "Dia02", "{AE15038C-8D18-4ED7-89AD-6149479566DE}"
EndProject
Project("{8BC9CEB8-8B4A-11D0-8D11-00A0C91BC942}") = "HolaMundo", "Dia 01\HolaMundo\HolaMundo\HolaMundo.vcxproj", "{3C9F0404-53CE-46A5-9442-76E69DE90F1C}"
EndProject
Project("{8BC9CEB8-8B4A-11D0-8D11-00A0C91BC942}") = "HolaNombre", "Dia 01\HolaNombre\HolaNombre\HolaNombre.vcxproj", "{561C9F57-B1CE-456B-B1C0-6DA6D5B83B26}"
EndProject
Project("{8BC9CEB8-8B4A-11D0-8D11-00A0C91BC942}") = "HolaNombreVacio", "Dia 01\HolaNombreVacio\HolaNombreVacio\HolaNombreVacio.vcxproj", "{E1761689-79C5-4888-AE8B-2E4678658424}"
EndProject
Project("{8BC9CEB8-8B4A-11D0-8D11-00A0C91BC942}") = "Spanish", "Dia 01\Spanish\Spanish\Spanish.vcxproj", "{90A539C9-F19C-4ECD-BE18-235AE5CEF767}"
EndProject
Project("{8BC9CEB8-8B4A-11D0-8D11-00A0C91BC942}") = "Cadenas", "Dia 02\Cadenas\Cadenas\Cadenas.vcxproj", "{7E64CB48-B55B-44E7-8B86-DD226F44D9C6}"
EndProject
Project("{8BC9CEB8-8B4A-11D0-8D11-00A0C91BC942}") = "Hipotenusa", "Dia 02\Hipotenusa\Hipotenusa\Hipotenusa.vcxproj", "{E6ABC59B-6D3B-4190-B29A-C8CBB129FBB6}"
EndProject
Project("{8BC9CEB8-8B4A-11D0-8D11-00A0C91BC942}") = "LibreriaMatch", "Dia 02\LibreriaMatch\LibreriaMatch\LibreriaMatch.vcxproj", "{F4133C3C-12DB-482F-AC3C-E1087D5B9D8B}"
EndProject
Project("{2150E333-8FDC-42A3-9474-1A3956D46DE8}") = "Dia03", "Dia03", "{C1E9D5D0-B715-4098-9CB5-E727BF371BF4}"
EndProject
Project("{2150E333-8FDC-42A3-9474-1A3956D46DE8}") = "00Pruebas", "00Pruebas", "{2FF346C9-511B-4696-BD89-76B74FB0E451}"
EndProject
Project("{8BC9CEB8-8B4A-11D0-8D11-00A0C91BC942}") = "Calculadora", "00Pruebas\Calculadora\Calculadora.vcxproj", "{3610B46F-33CD-4E84-80A7-FCFA856E424C}"
EndProject
Project("{8BC9CEB8-8B4A-11D0-8D11-00A0C91BC942}") = "Variables", "00Pruebas\Variables\Variables\Variables.vcxproj", "{9E0D4086-2092-4449-93AC-8306DBD17912}"
EndProject
Project("{8BC9CEB8-8B4A-11D0-8D11-00A0C91BC942}") = "MultiplesEjecicios", "00Pruebas\MultiplesEjecicios\MultiplesEjecicios\MultiplesEjecicios.vcxproj", "{434B1C65-1DE0-4600-9EB1-0EC03B1EF163}"
EndProject
Project("{8BC9CEB8-8B4A-11D0-8D11-00A0C91BC942}") = "Login", "Dia 02\Login\Login\Login.vcxproj", "{EF12C5D5-D92A-488E-B35B-811247C11A02}"
EndProject
Project("{8BC9CEB8-8B4A-11D0-8D11-00A0C91BC942}") = "DiasDeLaSemana", "Dia 03\DiasDeLaSemana\DiasDeLaSemana\DiasDeLaSemana.vcxproj", "{AFA0B515-518C-4698-9036-19CE7FE0F43D}"
EndProject
Project("{8BC9CEB8-8B4A-11D0-8D11-00A0C91BC942}") = "AdivinarNumero", "Dia 03\Adivinarnumero\AdivinarNumero\AdivinarNumero.vcxproj", "{D4A7DD1C-98E4-4146-9DC2-F4894D38F17C}"
EndProject
Project("{2150E333-8FDC-42A3-9474-1A3956D46DE8}") = "Dia04", "Dia04", "{923227DD-41C8-4A4F-A3C9-F9576FED8609}"
EndProject
Project("{8BC9CEB8-8B4A-11D0-8D11-00A0C91BC942}") = "MySQLConnection", "Dia 04\MySQLConnection\MySQLConnection\MySQLConnection.vcxproj", "{4CC3C251-B5BD-44EB-8D60-FB29E49A828B}"
EndProject
Project("{8BC9CEB8-8B4A-11D0-8D11-00A0C91BC942}") = "LoginTresIntentos", "Dia 03\LoginTresIntentos\LoginTresIntentos.vcxproj", "{4016C0B6-A10D-490C-A955-39CD956FB86C}"
EndProject
Global
	GlobalSection(SolutionConfigurationPlatforms) = preSolution
		Debug|x64 = Debug|x64
		Debug|x86 = Debug|x86
		Release|x64 = Release|x64
		Release|x86 = Release|x86
	EndGlobalSection
	GlobalSection(ProjectConfigurationPlatforms) = postSolution
		{3C9F0404-53CE-46A5-9442-76E69DE90F1C}.Debug|x64.ActiveCfg = Debug|x64
		{3C9F0404-53CE-46A5-9442-76E69DE90F1C}.Debug|x64.Build.0 = Debug|x64
		{3C9F0404-53CE-46A5-9442-76E69DE90F1C}.Debug|x86.ActiveCfg = Debug|Win32
		{3C9F0404-53CE-46A5-9442-76E69DE90F1C}.Debug|x86.Build.0 = Debug|Win32
		{3C9F0404-53CE-46A5-9442-76E69DE90F1C}.Release|x64.ActiveCfg = Release|x64
		{3C9F0404-53CE-46A5-9442-76E69DE90F1C}.Release|x64.Build.0 = Release|x64
		{3C9F0404-53CE-46A5-9442-76E69DE90F1C}.Release|x86.ActiveCfg = Release|Win32
		{3C9F0404-53CE-46A5-9442-76E69DE90F1C}.Release|x86.Build.0 = Release|Win32
		{561C9F57-B1CE-456B-B1C0-6DA6D5B83B26}.Debug|x64.ActiveCfg = Debug|x64
		{561C9F57-B1CE-456B-B1C0-6DA6D5B83B26}.Debug|x64.Build.0 = Debug|x64
		{561C9F57-B1CE-456B-B1C0-6DA6D5B83B26}.Debug|x86.ActiveCfg = Debug|Win32
		{561C9F57-B1CE-456B-B1C0-6DA6D5B83B26}.Debug|x86.Build.0 = Debug|Win32
		{561C9F57-B1CE-456B-B1C0-6DA6D5B83B26}.Release|x64.ActiveCfg = Release|x64
		{561C9F57-B1CE-456B-B1C0-6DA6D5B83B26}.Release|x64.Build.0 = Release|x64
		{561C9F57-B1CE-456B-B1C0-6DA6D5B83B26}.Release|x86.ActiveCfg = Release|Win32
		{561C9F57-B1CE-456B-B1C0-6DA6D5B83B26}.Release|x86.Build.0 = Release|Win32
		{E1761689-79C5-4888-AE8B-2E4678658424}.Debug|x64.ActiveCfg = Debug|x64
		{E1761689-79C5-4888-AE8B-2E4678658424}.Debug|x64.Build.0 = Debug|x64
		{E1761689-79C5-4888-AE8B-2E4678658424}.Debug|x86.ActiveCfg = Debug|Win32
		{E1761689-79C5-4888-AE8B-2E4678658424}.Debug|x86.Build.0 = Debug|Win32
		{E1761689-79C5-4888-AE8B-2E4678658424}.Release|x64.ActiveCfg = Release|x64
		{E1761689-79C5-4888-AE8B-2E4678658424}.Release|x64.Build.0 = Release|x64
		{E1761689-79C5-4888-AE8B-2E4678658424}.Release|x86.ActiveCfg = Release|Win32
		{E1761689-79C5-4888-AE8B-2E4678658424}.Release|x86.Build.0 = Release|Win32
		{90A539C9-F19C-4ECD-BE18-235AE5CEF767}.Debug|x64.ActiveCfg = Debug|x64
		{90A539C9-F19C-4ECD-BE18-235AE5CEF767}.Debug|x64.Build.0 = Debug|x64
		{90A539C9-F19C-4ECD-BE18-235AE5CEF767}.Debug|x86.ActiveCfg = Debug|Win32
		{90A539C9-F19C-4ECD-BE18-235AE5CEF767}.Debug|x86.Build.0 = Debug|Win32
		{90A539C9-F19C-4ECD-BE18-235AE5CEF767}.Release|x64.ActiveCfg = Release|x64
		{90A539C9-F19C-4ECD-BE18-235AE5CEF767}.Release|x64.Build.0 = Release|x64
		{90A539C9-F19C-4ECD-BE18-235AE5CEF767}.Release|x86.ActiveCfg = Release|Win32
		{90A539C9-F19C-4ECD-BE18-235AE5CEF767}.Release|x86.Build.0 = Release|Win32
		{7E64CB48-B55B-44E7-8B86-DD226F44D9C6}.Debug|x64.ActiveCfg = Debug|x64
		{7E64CB48-B55B-44E7-8B86-DD226F44D9C6}.Debug|x64.Build.0 = Debug|x64
		{7E64CB48-B55B-44E7-8B86-DD226F44D9C6}.Debug|x86.ActiveCfg = Debug|Win32
		{7E64CB48-B55B-44E7-8B86-DD226F44D9C6}.Debug|x86.Build.0 = Debug|Win32
		{7E64CB48-B55B-44E7-8B86-DD226F44D9C6}.Release|x64.ActiveCfg = Release|x64
		{7E64CB48-B55B-44E7-8B86-DD226F44D9C6}.Release|x64.Build.0 = Release|x64
		{7E64CB48-B55B-44E7-8B86-DD226F44D9C6}.Release|x86.ActiveCfg = Release|Win32
		{7E64CB48-B55B-44E7-8B86-DD226F44D9C6}.Release|x86.Build.0 = Release|Win32
		{E6ABC59B-6D3B-4190-B29A-C8CBB129FBB6}.Debug|x64.ActiveCfg = Debug|x64
		{E6ABC59B-6D3B-4190-B29A-C8CBB129FBB6}.Debug|x64.Build.0 = Debug|x64
		{E6ABC59B-6D3B-4190-B29A-C8CBB129FBB6}.Debug|x86.ActiveCfg = Debug|Win32
		{E6ABC59B-6D3B-4190-B29A-C8CBB129FBB6}.Debug|x86.Build.0 = Debug|Win32
		{E6ABC59B-6D3B-4190-B29A-C8CBB129FBB6}.Release|x64.ActiveCfg = Release|x64
		{E6ABC59B-6D3B-4190-B29A-C8CBB129FBB6}.Release|x64.Build.0 = Release|x64
		{E6ABC59B-6D3B-4190-B29A-C8CBB129FBB6}.Release|x86.ActiveCfg = Release|Win32
		{E6ABC59B-6D3B-4190-B29A-C8CBB129FBB6}.Release|x86.Build.0 = Release|Win32
		{F4133C3C-12DB-482F-AC3C-E1087D5B9D8B}.Debug|x64.ActiveCfg = Debug|x64
		{F4133C3C-12DB-482F-AC3C-E1087D5B9D8B}.Debug|x64.Build.0 = Debug|x64
		{F4133C3C-12DB-482F-AC3C-E1087D5B9D8B}.Debug|x86.ActiveCfg = Debug|Win32
		{F4133C3C-12DB-482F-AC3C-E1087D5B9D8B}.Debug|x86.Build.0 = Debug|Win32
		{F4133C3C-12DB-482F-AC3C-E1087D5B9D8B}.Release|x64.ActiveCfg = Release|x64
		{F4133C3C-12DB-482F-AC3C-E1087D5B9D8B}.Release|x64.Build.0 = Release|x64
		{F4133C3C-12DB-482F-AC3C-E1087D5B9D8B}.Release|x86.ActiveCfg = Release|Win32
		{F4133C3C-12DB-482F-AC3C-E1087D5B9D8B}.Release|x86.Build.0 = Release|Win32
		{3610B46F-33CD-4E84-80A7-FCFA856E424C}.Debug|x64.ActiveCfg = Debug|x64
		{3610B46F-33CD-4E84-80A7-FCFA856E424C}.Debug|x64.Build.0 = Debug|x64
		{3610B46F-33CD-4E84-80A7-FCFA856E424C}.Debug|x86.ActiveCfg = Debug|Win32
		{3610B46F-33CD-4E84-80A7-FCFA856E424C}.Debug|x86.Build.0 = Debug|Win32
		{3610B46F-33CD-4E84-80A7-FCFA856E424C}.Release|x64.ActiveCfg = Release|x64
		{3610B46F-33CD-4E84-80A7-FCFA856E424C}.Release|x64.Build.0 = Release|x64
		{3610B46F-33CD-4E84-80A7-FCFA856E424C}.Release|x86.ActiveCfg = Release|Win32
		{3610B46F-33CD-4E84-80A7-FCFA856E424C}.Release|x86.Build.0 = Release|Win32
		{9E0D4086-2092-4449-93AC-8306DBD17912}.Debug|x64.ActiveCfg = Debug|x64
		{9E0D4086-2092-4449-93AC-8306DBD17912}.Debug|x64.Build.0 = Debug|x64
		{9E0D4086-2092-4449-93AC-8306DBD17912}.Debug|x86.ActiveCfg = Debug|Win32
		{9E0D4086-2092-4449-93AC-8306DBD17912}.Debug|x86.Build.0 = Debug|Win32
		{9E0D4086-2092-4449-93AC-8306DBD17912}.Release|x64.ActiveCfg = Release|x64
		{9E0D4086-2092-4449-93AC-8306DBD17912}.Release|x64.Build.0 = Release|x64
		{9E0D4086-2092-4449-93AC-8306DBD17912}.Release|x86.ActiveCfg = Release|Win32
		{9E0D4086-2092-4449-93AC-8306DBD17912}.Release|x86.Build.0 = Release|Win32
		{434B1C65-1DE0-4600-9EB1-0EC03B1EF163}.Debug|x64.ActiveCfg = Debug|x64
		{434B1C65-1DE0-4600-9EB1-0EC03B1EF163}.Debug|x64.Build.0 = Debug|x64
		{434B1C65-1DE0-4600-9EB1-0EC03B1EF163}.Debug|x86.ActiveCfg = Debug|Win32
		{434B1C65-1DE0-4600-9EB1-0EC03B1EF163}.Debug|x86.Build.0 = Debug|Win32
		{434B1C65-1DE0-4600-9EB1-0EC03B1EF163}.Release|x64.ActiveCfg = Release|x64
		{434B1C65-1DE0-4600-9EB1-0EC03B1EF163}.Release|x64.Build.0 = Release|x64
		{434B1C65-1DE0-4600-9EB1-0EC03B1EF163}.Release|x86.ActiveCfg = Release|Win32
		{434B1C65-1DE0-4600-9EB1-0EC03B1EF163}.Release|x86.Build.0 = Release|Win32
		{EF12C5D5-D92A-488E-B35B-811247C11A02}.Debug|x64.ActiveCfg = Debug|x64
		{EF12C5D5-D92A-488E-B35B-811247C11A02}.Debug|x64.Build.0 = Debug|x64
		{EF12C5D5-D92A-488E-B35B-811247C11A02}.Debug|x86.ActiveCfg = Debug|Win32
		{EF12C5D5-D92A-488E-B35B-811247C11A02}.Debug|x86.Build.0 = Debug|Win32
		{EF12C5D5-D92A-488E-B35B-811247C11A02}.Release|x64.ActiveCfg = Release|x64
		{EF12C5D5-D92A-488E-B35B-811247C11A02}.Release|x64.Build.0 = Release|x64
		{EF12C5D5-D92A-488E-B35B-811247C11A02}.Release|x86.ActiveCfg = Release|Win32
		{EF12C5D5-D92A-488E-B35B-811247C11A02}.Release|x86.Build.0 = Release|Win32
		{AFA0B515-518C-4698-9036-19CE7FE0F43D}.Debug|x64.ActiveCfg = Debug|x64
		{AFA0B515-518C-4698-9036-19CE7FE0F43D}.Debug|x64.Build.0 = Debug|x64
		{AFA0B515-518C-4698-9036-19CE7FE0F43D}.Debug|x86.ActiveCfg = Debug|Win32
		{AFA0B515-518C-4698-9036-19CE7FE0F43D}.Debug|x86.Build.0 = Debug|Win32
		{AFA0B515-518C-4698-9036-19CE7FE0F43D}.Release|x64.ActiveCfg = Release|x64
		{AFA0B515-518C-4698-9036-19CE7FE0F43D}.Release|x64.Build.0 = Release|x64
		{AFA0B515-518C-4698-9036-19CE7FE0F43D}.Release|x86.ActiveCfg = Release|Win32
		{AFA0B515-518C-4698-9036-19CE7FE0F43D}.Release|x86.Build.0 = Release|Win32
		{D4A7DD1C-98E4-4146-9DC2-F4894D38F17C}.Debug|x64.ActiveCfg = Debug|x64
		{D4A7DD1C-98E4-4146-9DC2-F4894D38F17C}.Debug|x64.Build.0 = Debug|x64
		{D4A7DD1C-98E4-4146-9DC2-F4894D38F17C}.Debug|x86.ActiveCfg = Debug|Win32
		{D4A7DD1C-98E4-4146-9DC2-F4894D38F17C}.Debug|x86.Build.0 = Debug|Win32
		{D4A7DD1C-98E4-4146-9DC2-F4894D38F17C}.Release|x64.ActiveCfg = Release|x64
		{D4A7DD1C-98E4-4146-9DC2-F4894D38F17C}.Release|x64.Build.0 = Release|x64
		{D4A7DD1C-98E4-4146-9DC2-F4894D38F17C}.Release|x86.ActiveCfg = Release|Win32
		{D4A7DD1C-98E4-4146-9DC2-F4894D38F17C}.Release|x86.Build.0 = Release|Win32
		{4CC3C251-B5BD-44EB-8D60-FB29E49A828B}.Debug|x64.ActiveCfg = Debug|x64
		{4CC3C251-B5BD-44EB-8D60-FB29E49A828B}.Debug|x64.Build.0 = Debug|x64
		{4CC3C251-B5BD-44EB-8D60-FB29E49A828B}.Debug|x86.ActiveCfg = Debug|Win32
		{4CC3C251-B5BD-44EB-8D60-FB29E49A828B}.Debug|x86.Build.0 = Debug|Win32
		{4CC3C251-B5BD-44EB-8D60-FB29E49A828B}.Release|x64.ActiveCfg = Release|x64
		{4CC3C251-B5BD-44EB-8D60-FB29E49A828B}.Release|x64.Build.0 = Release|x64
		{4CC3C251-B5BD-44EB-8D60-FB29E49A828B}.Release|x86.ActiveCfg = Release|Win32
		{4CC3C251-B5BD-44EB-8D60-FB29E49A828B}.Release|x86.Build.0 = Release|Win32
		{4016C0B6-A10D-490C-A955-39CD956FB86C}.Debug|x64.ActiveCfg = Debug|x64
		{4016C0B6-A10D-490C-A955-39CD956FB86C}.Debug|x64.Build.0 = Debug|x64
		{4016C0B6-A10D-490C-A955-39CD956FB86C}.Debug|x86.ActiveCfg = Debug|Win32
		{4016C0B6-A10D-490C-A955-39CD956FB86C}.Debug|x86.Build.0 = Debug|Win32
		{4016C0B6-A10D-490C-A955-39CD956FB86C}.Release|x64.ActiveCfg = Release|x64
		{4016C0B6-A10D-490C-A955-39CD956FB86C}.Release|x64.Build.0 = Release|x64
		{4016C0B6-A10D-490C-A955-39CD956FB86C}.Release|x86.ActiveCfg = Release|Win32
		{4016C0B6-A10D-490C-A955-39CD956FB86C}.Release|x86.Build.0 = Release|Win32
	EndGlobalSection
	GlobalSection(SolutionProperties) = preSolution
		HideSolutionNode = FALSE
	EndGlobalSection
	GlobalSection(NestedProjects) = preSolution
		{3C9F0404-53CE-46A5-9442-76E69DE90F1C} = {40BCDA56-3F1A-4102-9075-ECE2D20674AF}
		{561C9F57-B1CE-456B-B1C0-6DA6D5B83B26} = {40BCDA56-3F1A-4102-9075-ECE2D20674AF}
		{E1761689-79C5-4888-AE8B-2E4678658424} = {40BCDA56-3F1A-4102-9075-ECE2D20674AF}
		{90A539C9-F19C-4ECD-BE18-235AE5CEF767} = {40BCDA56-3F1A-4102-9075-ECE2D20674AF}
		{7E64CB48-B55B-44E7-8B86-DD226F44D9C6} = {AE15038C-8D18-4ED7-89AD-6149479566DE}
		{E6ABC59B-6D3B-4190-B29A-C8CBB129FBB6} = {AE15038C-8D18-4ED7-89AD-6149479566DE}
		{F4133C3C-12DB-482F-AC3C-E1087D5B9D8B} = {AE15038C-8D18-4ED7-89AD-6149479566DE}
		{3610B46F-33CD-4E84-80A7-FCFA856E424C} = {2FF346C9-511B-4696-BD89-76B74FB0E451}
		{9E0D4086-2092-4449-93AC-8306DBD17912} = {2FF346C9-511B-4696-BD89-76B74FB0E451}
		{434B1C65-1DE0-4600-9EB1-0EC03B1EF163} = {2FF346C9-511B-4696-BD89-76B74FB0E451}
		{EF12C5D5-D92A-488E-B35B-811247C11A02} = {AE15038C-8D18-4ED7-89AD-6149479566DE}
		{AFA0B515-518C-4698-9036-19CE7FE0F43D} = {C1E9D5D0-B715-4098-9CB5-E727BF371BF4}
		{D4A7DD1C-98E4-4146-9DC2-F4894D38F17C} = {C1E9D5D0-B715-4098-9CB5-E727BF371BF4}
		{4CC3C251-B5BD-44EB-8D60-FB29E49A828B} = {923227DD-41C8-4A4F-A3C9-F9576FED8609}
		{4016C0B6-A10D-490C-A955-39CD956FB86C} = {C1E9D5D0-B715-4098-9CB5-E727BF371BF4}
	EndGlobalSection
	GlobalSection(ExtensibilityGlobals) = postSolution
		SolutionGuid = {BD3822D1-D806-4DF7-9C0C-AD739A0324B0}
	EndGlobalSection
EndGlobal
