
Microsoft Visual Studio Solution File, Format Version 12.00
# Visual Studio Version 17
VisualStudioVersion = 17.7.34221.43
MinimumVisualStudioVersion = 10.0.40219.1
Project("{8BC9CEB8-8B4A-11D0-8D11-00A0C91BC942}") = "Ejercicio01", "Ejercicio01\Ejercicio01.vcxproj", "{560AC0B4-14A3-4142-8C7A-9F7510C6CE72}"
EndProject
Global
	GlobalSection(SolutionConfigurationPlatforms) = preSolution
		Debug|x64 = Debug|x64
		Debug|x86 = Debug|x86
		Release|x64 = Release|x64
		Release|x86 = Release|x86
	EndGlobalSection
	GlobalSection(ProjectConfigurationPlatforms) = postSolution
		{560AC0B4-14A3-4142-8C7A-9F7510C6CE72}.Debug|x64.ActiveCfg = Debug|x64
		{560AC0B4-14A3-4142-8C7A-9F7510C6CE72}.Debug|x64.Build.0 = Debug|x64
		{560AC0B4-14A3-4142-8C7A-9F7510C6CE72}.Debug|x86.ActiveCfg = Debug|Win32
		{560AC0B4-14A3-4142-8C7A-9F7510C6CE72}.Debug|x86.Build.0 = Debug|Win32
		{560AC0B4-14A3-4142-8C7A-9F7510C6CE72}.Release|x64.ActiveCfg = Release|x64
		{560AC0B4-14A3-4142-8C7A-9F7510C6CE72}.Release|x64.Build.0 = Release|x64
		{560AC0B4-14A3-4142-8C7A-9F7510C6CE72}.Release|x86.ActiveCfg = Release|Win32
		{560AC0B4-14A3-4142-8C7A-9F7510C6CE72}.Release|x86.Build.0 = Release|Win32
	EndGlobalSection
	GlobalSection(SolutionProperties) = preSolution
		HideSolutionNode = FALSE
	EndGlobalSection
	GlobalSection(ExtensibilityGlobals) = postSolution
		SolutionGuid = {57983E23-6BFC-4CAB-A615-608048BBA75D}
	EndGlobalSection
EndGlobal
